
Microsoft Visual Studio Solution File, Format Version 12.00
# Visual Studio Version 17
VisualStudioVersion = 17.8.34330.188
MinimumVisualStudioVersion = 10.0.40219.1
Project("{9A19103F-16F7-4668-BE54-9A1E7A4F7556}") = "BowlingScore", "BowlingScore\BowlingScore.csproj", "{791C9C47-914C-4D5E-99C7-0D104F2FDF5C}"
EndProject
Project("{FAE04EC0-301F-11D3-BF4B-00C04F79EFBC}") = "BowlingScoreTest", "BowlingScoreTest\BowlingScoreTest.csproj", "{25FA08B5-7814-4706-AB60-25359B97D441}"
EndProject
Project("{FAE04EC0-301F-11D3-BF4B-00C04F79EFBC}") = "BowlingScoreInterface", "BowlingScoreInterface\BowlingScoreInterface.csproj", "{5C1DB8F7-4DC3-45F1-B239-F497B2DBB94F}"
EndProject
Global
	GlobalSection(SolutionConfigurationPlatforms) = preSolution
		Debug|Any CPU = Debug|Any CPU
		Release|Any CPU = Release|Any CPU
	EndGlobalSection
	GlobalSection(ProjectConfigurationPlatforms) = postSolution
		{791C9C47-914C-4D5E-99C7-0D104F2FDF5C}.Debug|Any CPU.ActiveCfg = Debug|Any CPU
		{791C9C47-914C-4D5E-99C7-0D104F2FDF5C}.Debug|Any CPU.Build.0 = Debug|Any CPU
		{791C9C47-914C-4D5E-99C7-0D104F2FDF5C}.Release|Any CPU.ActiveCfg = Release|Any CPU
		{791C9C47-914C-4D5E-99C7-0D104F2FDF5C}.Release|Any CPU.Build.0 = Release|Any CPU
		{25FA08B5-7814-4706-AB60-25359B97D441}.Debug|Any CPU.ActiveCfg = Debug|Any CPU
		{25FA08B5-7814-4706-AB60-25359B97D441}.Debug|Any CPU.Build.0 = Debug|Any CPU
		{25FA08B5-7814-4706-AB60-25359B97D441}.Release|Any CPU.ActiveCfg = Release|Any CPU
		{25FA08B5-7814-4706-AB60-25359B97D441}.Release|Any CPU.Build.0 = Release|Any CPU
		{5C1DB8F7-4DC3-45F1-B239-F497B2DBB94F}.Debug|Any CPU.ActiveCfg = Debug|Any CPU
		{5C1DB8F7-4DC3-45F1-B239-F497B2DBB94F}.Debug|Any CPU.Build.0 = Debug|Any CPU
		{5C1DB8F7-4DC3-45F1-B239-F497B2DBB94F}.Release|Any CPU.ActiveCfg = Release|Any CPU
		{5C1DB8F7-4DC3-45F1-B239-F497B2DBB94F}.Release|Any CPU.Build.0 = Release|Any CPU
	EndGlobalSection
	GlobalSection(SolutionProperties) = preSolution
		HideSolutionNode = FALSE
	EndGlobalSection
	GlobalSection(ExtensibilityGlobals) = postSolution
		SolutionGuid = {55DE9545-D7E3-4593-A138-DD2D5DE7F147}
	EndGlobalSection
EndGlobal
